
Microsoft Visual Studio Solution File, Format Version 12.00
# Visual Studio Version 16
VisualStudioVersion = 16.0.30804.86
MinimumVisualStudioVersion = 10.0.40219.1
Project("{9A19103F-16F7-4668-BE54-9A1E7A4F7556}") = "KampIntro", "KampIntro\KampIntro.csproj", "{92415447-D085-40E9-9DF8-F10C739F4812}"
EndProject
Project("{9A19103F-16F7-4668-BE54-9A1E7A4F7556}") = "donguler", "donguler\donguler.csproj", "{3F02FD0A-9894-4644-8DA1-A7674F661F87}"
EndProject
Project("{9A19103F-16F7-4668-BE54-9A1E7A4F7556}") = "ClassIntro", "ClassIntro\ClassIntro.csproj", "{38335CFC-74F6-4ED2-9981-C1484717A9C7}"
EndProject
Project("{9A19103F-16F7-4668-BE54-9A1E7A4F7556}") = "Odev1", "Odev1\Odev1.csproj", "{47A7D47A-0505-442C-8978-CDD5B2E0EB6B}"
EndProject
Project("{9A19103F-16F7-4668-BE54-9A1E7A4F7556}") = "Metotlar", "Metotlar\Metotlar.csproj", "{B5658547-17A4-4A37-A937-278AA89C364A}"
EndProject
Project("{9A19103F-16F7-4668-BE54-9A1E7A4F7556}") = "Matematik", "Matematik\Matematik.csproj", "{13576286-DEBE-486A-989E-F1F7DF6B6558}"
EndProject
Project("{9A19103F-16F7-4668-BE54-9A1E7A4F7556}") = "DegerVeReferansTipler", "DegerVeReferansTipler\DegerVeReferansTipler.csproj", "{323DC6F7-2F1E-49AB-B876-FA3E83F7AA7A}"
EndProject
Project("{FAE04EC0-301F-11D3-BF4B-00C04F79EFBC}") = "OOP1", "OOP1\OOP1.csproj", "{8ACD1531-5EEC-4DF3-8059-30131A36BDD9}"
EndProject
Project("{FAE04EC0-301F-11D3-BF4B-00C04F79EFBC}") = "Koleksiyonlar", "Koleksiyonlar\Koleksiyonlar.csproj", "{07AEF811-F523-4247-846C-C5B2C345BD06}"
EndProject
Project("{FAE04EC0-301F-11D3-BF4B-00C04F79EFBC}") = "GenericsIntro", "GenericsIntro\GenericsIntro.csproj", "{5C233267-3613-4D04-A024-D428F20F5784}"
EndProject
Global
	GlobalSection(SolutionConfigurationPlatforms) = preSolution
		Debug|Any CPU = Debug|Any CPU
		Release|Any CPU = Release|Any CPU
	EndGlobalSection
	GlobalSection(ProjectConfigurationPlatforms) = postSolution
		{92415447-D085-40E9-9DF8-F10C739F4812}.Debug|Any CPU.ActiveCfg = Debug|Any CPU
		{92415447-D085-40E9-9DF8-F10C739F4812}.Debug|Any CPU.Build.0 = Debug|Any CPU
		{92415447-D085-40E9-9DF8-F10C739F4812}.Release|Any CPU.ActiveCfg = Release|Any CPU
		{92415447-D085-40E9-9DF8-F10C739F4812}.Release|Any CPU.Build.0 = Release|Any CPU
		{3F02FD0A-9894-4644-8DA1-A7674F661F87}.Debug|Any CPU.ActiveCfg = Debug|Any CPU
		{3F02FD0A-9894-4644-8DA1-A7674F661F87}.Debug|Any CPU.Build.0 = Debug|Any CPU
		{3F02FD0A-9894-4644-8DA1-A7674F661F87}.Release|Any CPU.ActiveCfg = Release|Any CPU
		{3F02FD0A-9894-4644-8DA1-A7674F661F87}.Release|Any CPU.Build.0 = Release|Any CPU
		{38335CFC-74F6-4ED2-9981-C1484717A9C7}.Debug|Any CPU.ActiveCfg = Debug|Any CPU
		{38335CFC-74F6-4ED2-9981-C1484717A9C7}.Debug|Any CPU.Build.0 = Debug|Any CPU
		{38335CFC-74F6-4ED2-9981-C1484717A9C7}.Release|Any CPU.ActiveCfg = Release|Any CPU
		{38335CFC-74F6-4ED2-9981-C1484717A9C7}.Release|Any CPU.Build.0 = Release|Any CPU
		{47A7D47A-0505-442C-8978-CDD5B2E0EB6B}.Debug|Any CPU.ActiveCfg = Debug|Any CPU
		{47A7D47A-0505-442C-8978-CDD5B2E0EB6B}.Debug|Any CPU.Build.0 = Debug|Any CPU
		{47A7D47A-0505-442C-8978-CDD5B2E0EB6B}.Release|Any CPU.ActiveCfg = Release|Any CPU
		{47A7D47A-0505-442C-8978-CDD5B2E0EB6B}.Release|Any CPU.Build.0 = Release|Any CPU
		{B5658547-17A4-4A37-A937-278AA89C364A}.Debug|Any CPU.ActiveCfg = Debug|Any CPU
		{B5658547-17A4-4A37-A937-278AA89C364A}.Debug|Any CPU.Build.0 = Debug|Any CPU
		{B5658547-17A4-4A37-A937-278AA89C364A}.Release|Any CPU.ActiveCfg = Release|Any CPU
		{B5658547-17A4-4A37-A937-278AA89C364A}.Release|Any CPU.Build.0 = Release|Any CPU
		{13576286-DEBE-486A-989E-F1F7DF6B6558}.Debug|Any CPU.ActiveCfg = Debug|Any CPU
		{13576286-DEBE-486A-989E-F1F7DF6B6558}.Debug|Any CPU.Build.0 = Debug|Any CPU
		{13576286-DEBE-486A-989E-F1F7DF6B6558}.Release|Any CPU.ActiveCfg = Release|Any CPU
		{13576286-DEBE-486A-989E-F1F7DF6B6558}.Release|Any CPU.Build.0 = Release|Any CPU
		{323DC6F7-2F1E-49AB-B876-FA3E83F7AA7A}.Debug|Any CPU.ActiveCfg = Debug|Any CPU
		{323DC6F7-2F1E-49AB-B876-FA3E83F7AA7A}.Debug|Any CPU.Build.0 = Debug|Any CPU
		{323DC6F7-2F1E-49AB-B876-FA3E83F7AA7A}.Release|Any CPU.ActiveCfg = Release|Any CPU
		{323DC6F7-2F1E-49AB-B876-FA3E83F7AA7A}.Release|Any CPU.Build.0 = Release|Any CPU
		{8ACD1531-5EEC-4DF3-8059-30131A36BDD9}.Debug|Any CPU.ActiveCfg = Debug|Any CPU
		{8ACD1531-5EEC-4DF3-8059-30131A36BDD9}.Debug|Any CPU.Build.0 = Debug|Any CPU
		{8ACD1531-5EEC-4DF3-8059-30131A36BDD9}.Release|Any CPU.ActiveCfg = Release|Any CPU
		{8ACD1531-5EEC-4DF3-8059-30131A36BDD9}.Release|Any CPU.Build.0 = Release|Any CPU
		{07AEF811-F523-4247-846C-C5B2C345BD06}.Debug|Any CPU.ActiveCfg = Debug|Any CPU
		{07AEF811-F523-4247-846C-C5B2C345BD06}.Debug|Any CPU.Build.0 = Debug|Any CPU
		{07AEF811-F523-4247-846C-C5B2C345BD06}.Release|Any CPU.ActiveCfg = Release|Any CPU
		{07AEF811-F523-4247-846C-C5B2C345BD06}.Release|Any CPU.Build.0 = Release|Any CPU
		{5C233267-3613-4D04-A024-D428F20F5784}.Debug|Any CPU.ActiveCfg = Debug|Any CPU
		{5C233267-3613-4D04-A024-D428F20F5784}.Debug|Any CPU.Build.0 = Debug|Any CPU
		{5C233267-3613-4D04-A024-D428F20F5784}.Release|Any CPU.ActiveCfg = Release|Any CPU
		{5C233267-3613-4D04-A024-D428F20F5784}.Release|Any CPU.Build.0 = Release|Any CPU
	EndGlobalSection
	GlobalSection(SolutionProperties) = preSolution
		HideSolutionNode = FALSE
	EndGlobalSection
	GlobalSection(ExtensibilityGlobals) = postSolution
		SolutionGuid = {7F9CF859-B983-4A4F-B88A-59F79833C876}
	EndGlobalSection
EndGlobal
